{
  "name": "mami",
  "version": "1.0.0",
  "lockfileVersion": 1,
  "requires": true,
  "dependencies": {
    "code-prettify": {
      "version": "0.1.0",
      "resolved": "https://npm.twiket.com/repository/ott-node-modules/code-prettify/-/code-prettify-0.1.0.tgz",
      "integrity": "sha1-RocMyMGlDQm61TmzOpg9vUqjSx4="
    },
    "jquery": {
      "version": "3.2.1",
      "resolved": "https://npm.twiket.com/repository/ott-node-modules/jquery/-/jquery-3.2.1.tgz",
      "integrity": "sha1-XE2d5lKvbNCncBVKYxu6ErAVx4c="
    }
  }
}
